
Microsoft Visual Studio Solution File, Format Version 12.00
# Visual Studio Version 17
VisualStudioVersion = 17.11.35327.3
MinimumVisualStudioVersion = 10.0.40219.1
Project("{FAE04EC0-301F-11D3-BF4B-00C04F79EFBC}") = "pryEdSerna", "pryEdSerna\pryEdSerna.csproj", "{F9DFFA29-640F-43CF-9FB8-6EB5B864863D}"
EndProject
Global
	GlobalSection(SolutionConfigurationPlatforms) = preSolution
		Debug|Any CPU = Debug|Any CPU
		Release|Any CPU = Release|Any CPU
	EndGlobalSection
	GlobalSection(ProjectConfigurationPlatforms) = postSolution
		{F9DFFA29-640F-43CF-9FB8-6EB5B864863D}.Debug|Any CPU.ActiveCfg = Debug|Any CPU
		{F9DFFA29-640F-43CF-9FB8-6EB5B864863D}.Debug|Any CPU.Build.0 = Debug|Any CPU
		{F9DFFA29-640F-43CF-9FB8-6EB5B864863D}.Release|Any CPU.ActiveCfg = Release|Any CPU
		{F9DFFA29-640F-43CF-9FB8-6EB5B864863D}.Release|Any CPU.Build.0 = Release|Any CPU
	EndGlobalSection
	GlobalSection(SolutionProperties) = preSolution
		HideSolutionNode = FALSE
	EndGlobalSection
	GlobalSection(ExtensibilityGlobals) = postSolution
		SolutionGuid = {FD25D154-C18A-4043-BE05-DF422CCC817E}
	EndGlobalSection
EndGlobal
